
Microsoft Visual Studio Solution File, Format Version 12.00
# Visual Studio 14
VisualStudioVersion = 14.0.25420.1
MinimumVisualStudioVersion = 10.0.40219.1
Project("{FAE04EC0-301F-11D3-BF4B-00C04F79EFBC}") = "RpnCalculator.Droid", "RpnCalculator\RpnCalculator.Droid\RpnCalculator.Droid.csproj", "{03D2ACFE-5A0F-4A25-A810-5FD44434950D}"
EndProject
Project("{FAE04EC0-301F-11D3-BF4B-00C04F79EFBC}") = "RpnCalculator.iOS", "RpnCalculator\RpnCalculator.iOS\RpnCalculator.iOS.csproj", "{77E54EED-1116-4305-B9CE-841791CA0A6C}"
EndProject
Project("{FAE04EC0-301F-11D3-BF4B-00C04F79EFBC}") = "RpnCalculator.WinPhone", "RpnCalculator\RpnCalculator.WinPhone\RpnCalculator.WinPhone.csproj", "{E839CF44-765C-4A68-9AA1-9AAAC35F51DD}"
EndProject
Project("{FAE04EC0-301F-11D3-BF4B-00C04F79EFBC}") = "RpnCalculator.UWP", "RpnCalculator\RpnCalculator.UWP\RpnCalculator.UWP.csproj", "{3AFA0231-7AC4-4DDA-9701-027E7867E9D0}"
EndProject
Project("{FAE04EC0-301F-11D3-BF4B-00C04F79EFBC}") = "RpnCalculator.Windows", "RpnCalculator\RpnCalculator.Windows\RpnCalculator.Windows.csproj", "{1DEC9CF1-E229-46A1-A106-1B9F538D4D85}"
EndProject
Project("{FAE04EC0-301F-11D3-BF4B-00C04F79EFBC}") = "RpnCalculator", "RpnCalculator\RpnCalculator\RpnCalculator.csproj", "{E00014EB-6348-457D-854A-A1242C7A2F64}"
EndProject
Global
	GlobalSection(SolutionConfigurationPlatforms) = preSolution
		Ad-Hoc|Any CPU = Ad-Hoc|Any CPU
		Ad-Hoc|ARM = Ad-Hoc|ARM
		Ad-Hoc|iPhone = Ad-Hoc|iPhone
		Ad-Hoc|iPhoneSimulator = Ad-Hoc|iPhoneSimulator
		Ad-Hoc|x64 = Ad-Hoc|x64
		Ad-Hoc|x86 = Ad-Hoc|x86
		AppStore|Any CPU = AppStore|Any CPU
		AppStore|ARM = AppStore|ARM
		AppStore|iPhone = AppStore|iPhone
		AppStore|iPhoneSimulator = AppStore|iPhoneSimulator
		AppStore|x64 = AppStore|x64
		AppStore|x86 = AppStore|x86
		Debug|Any CPU = Debug|Any CPU
		Debug|ARM = Debug|ARM
		Debug|iPhone = Debug|iPhone
		Debug|iPhoneSimulator = Debug|iPhoneSimulator
		Debug|x64 = Debug|x64
		Debug|x86 = Debug|x86
		Release|Any CPU = Release|Any CPU
		Release|ARM = Release|ARM
		Release|iPhone = Release|iPhone
		Release|iPhoneSimulator = Release|iPhoneSimulator
		Release|x64 = Release|x64
		Release|x86 = Release|x86
	EndGlobalSection
	GlobalSection(ProjectConfigurationPlatforms) = postSolution
		{03D2ACFE-5A0F-4A25-A810-5FD44434950D}.Ad-Hoc|Any CPU.ActiveCfg = Release|Any CPU
		{03D2ACFE-5A0F-4A25-A810-5FD44434950D}.Ad-Hoc|Any CPU.Build.0 = Release|Any CPU
		{03D2ACFE-5A0F-4A25-A810-5FD44434950D}.Ad-Hoc|Any CPU.Deploy.0 = Release|Any CPU
		{03D2ACFE-5A0F-4A25-A810-5FD44434950D}.Ad-Hoc|ARM.ActiveCfg = Release|Any CPU
		{03D2ACFE-5A0F-4A25-A810-5FD44434950D}.Ad-Hoc|ARM.Build.0 = Release|Any CPU
		{03D2ACFE-5A0F-4A25-A810-5FD44434950D}.Ad-Hoc|ARM.Deploy.0 = Release|Any CPU
		{03D2ACFE-5A0F-4A25-A810-5FD44434950D}.Ad-Hoc|iPhone.ActiveCfg = Release|Any CPU
		{03D2ACFE-5A0F-4A25-A810-5FD44434950D}.Ad-Hoc|iPhone.Build.0 = Release|Any CPU
		{03D2ACFE-5A0F-4A25-A810-5FD44434950D}.Ad-Hoc|iPhone.Deploy.0 = Release|Any CPU
		{03D2ACFE-5A0F-4A25-A810-5FD44434950D}.Ad-Hoc|iPhoneSimulator.ActiveCfg = Release|Any CPU
		{03D2ACFE-5A0F-4A25-A810-5FD44434950D}.Ad-Hoc|iPhoneSimulator.Build.0 = Release|Any CPU
		{03D2ACFE-5A0F-4A25-A810-5FD44434950D}.Ad-Hoc|iPhoneSimulator.Deploy.0 = Release|Any CPU
		{03D2ACFE-5A0F-4A25-A810-5FD44434950D}.Ad-Hoc|x64.ActiveCfg = Release|Any CPU
		{03D2ACFE-5A0F-4A25-A810-5FD44434950D}.Ad-Hoc|x64.Build.0 = Release|Any CPU
		{03D2ACFE-5A0F-4A25-A810-5FD44434950D}.Ad-Hoc|x64.Deploy.0 = Release|Any CPU
		{03D2ACFE-5A0F-4A25-A810-5FD44434950D}.Ad-Hoc|x86.ActiveCfg = Release|Any CPU
		{03D2ACFE-5A0F-4A25-A810-5FD44434950D}.Ad-Hoc|x86.Build.0 = Release|Any CPU
		{03D2ACFE-5A0F-4A25-A810-5FD44434950D}.Ad-Hoc|x86.Deploy.0 = Release|Any CPU
		{03D2ACFE-5A0F-4A25-A810-5FD44434950D}.AppStore|Any CPU.ActiveCfg = Release|Any CPU
		{03D2ACFE-5A0F-4A25-A810-5FD44434950D}.AppStore|Any CPU.Build.0 = Release|Any CPU
		{03D2ACFE-5A0F-4A25-A810-5FD44434950D}.AppStore|Any CPU.Deploy.0 = Release|Any CPU
		{03D2ACFE-5A0F-4A25-A810-5FD44434950D}.AppStore|ARM.ActiveCfg = Release|Any CPU
		{03D2ACFE-5A0F-4A25-A810-5FD44434950D}.AppStore|ARM.Build.0 = Release|Any CPU
		{03D2ACFE-5A0F-4A25-A810-5FD44434950D}.AppStore|ARM.Deploy.0 = Release|Any CPU
		{03D2ACFE-5A0F-4A25-A810-5FD44434950D}.AppStore|iPhone.ActiveCfg = Release|Any CPU
		{03D2ACFE-5A0F-4A25-A810-5FD44434950D}.AppStore|iPhone.Build.0 = Release|Any CPU
		{03D2ACFE-5A0F-4A25-A810-5FD44434950D}.AppStore|iPhone.Deploy.0 = Release|Any CPU
		{03D2ACFE-5A0F-4A25-A810-5FD44434950D}.AppStore|iPhoneSimulator.ActiveCfg = Release|Any CPU
		{03D2ACFE-5A0F-4A25-A810-5FD44434950D}.AppStore|iPhoneSimulator.Build.0 = Release|Any CPU
		{03D2ACFE-5A0F-4A25-A810-5FD44434950D}.AppStore|iPhoneSimulator.Deploy.0 = Release|Any CPU
		{03D2ACFE-5A0F-4A25-A810-5FD44434950D}.AppStore|x64.ActiveCfg = Release|Any CPU
		{03D2ACFE-5A0F-4A25-A810-5FD44434950D}.AppStore|x64.Build.0 = Release|Any CPU
		{03D2ACFE-5A0F-4A25-A810-5FD44434950D}.AppStore|x64.Deploy.0 = Release|Any CPU
		{03D2ACFE-5A0F-4A25-A810-5FD44434950D}.AppStore|x86.ActiveCfg = Release|Any CPU
		{03D2ACFE-5A0F-4A25-A810-5FD44434950D}.AppStore|x86.Build.0 = Release|Any CPU
		{03D2ACFE-5A0F-4A25-A810-5FD44434950D}.AppStore|x86.Deploy.0 = Release|Any CPU
		{03D2ACFE-5A0F-4A25-A810-5FD44434950D}.Debug|Any CPU.ActiveCfg = Debug|Any CPU
		{03D2ACFE-5A0F-4A25-A810-5FD44434950D}.Debug|Any CPU.Build.0 = Debug|Any CPU
		{03D2ACFE-5A0F-4A25-A810-5FD44434950D}.Debug|Any CPU.Deploy.0 = Debug|Any CPU
		{03D2ACFE-5A0F-4A25-A810-5FD44434950D}.Debug|ARM.ActiveCfg = Debug|Any CPU
		{03D2ACFE-5A0F-4A25-A810-5FD44434950D}.Debug|ARM.Build.0 = Debug|Any CPU
		{03D2ACFE-5A0F-4A25-A810-5FD44434950D}.Debug|ARM.Deploy.0 = Debug|Any CPU
		{03D2ACFE-5A0F-4A25-A810-5FD44434950D}.Debug|iPhone.ActiveCfg = Debug|Any CPU
		{03D2ACFE-5A0F-4A25-A810-5FD44434950D}.Debug|iPhone.Build.0 = Debug|Any CPU
		{03D2ACFE-5A0F-4A25-A810-5FD44434950D}.Debug|iPhone.Deploy.0 = Debug|Any CPU
		{03D2ACFE-5A0F-4A25-A810-5FD44434950D}.Debug|iPhoneSimulator.ActiveCfg = Debug|Any CPU
		{03D2ACFE-5A0F-4A25-A810-5FD44434950D}.Debug|iPhoneSimulator.Build.0 = Debug|Any CPU
		{03D2ACFE-5A0F-4A25-A810-5FD44434950D}.Debug|iPhoneSimulator.Deploy.0 = Debug|Any CPU
		{03D2ACFE-5A0F-4A25-A810-5FD44434950D}.Debug|x64.ActiveCfg = Debug|Any CPU
		{03D2ACFE-5A0F-4A25-A810-5FD44434950D}.Debug|x64.Build.0 = Debug|Any CPU
		{03D2ACFE-5A0F-4A25-A810-5FD44434950D}.Debug|x64.Deploy.0 = Debug|Any CPU
		{03D2ACFE-5A0F-4A25-A810-5FD44434950D}.Debug|x86.ActiveCfg = Debug|Any CPU
		{03D2ACFE-5A0F-4A25-A810-5FD44434950D}.Debug|x86.Build.0 = Debug|Any CPU
		{03D2ACFE-5A0F-4A25-A810-5FD44434950D}.Debug|x86.Deploy.0 = Debug|Any CPU
		{03D2ACFE-5A0F-4A25-A810-5FD44434950D}.Release|Any CPU.ActiveCfg = Release|Any CPU
		{03D2ACFE-5A0F-4A25-A810-5FD44434950D}.Release|Any CPU.Build.0 = Release|Any CPU
		{03D2ACFE-5A0F-4A25-A810-5FD44434950D}.Release|Any CPU.Deploy.0 = Release|Any CPU
		{03D2ACFE-5A0F-4A25-A810-5FD44434950D}.Release|ARM.ActiveCfg = Release|Any CPU
		{03D2ACFE-5A0F-4A25-A810-5FD44434950D}.Release|ARM.Build.0 = Release|Any CPU
		{03D2ACFE-5A0F-4A25-A810-5FD44434950D}.Release|ARM.Deploy.0 = Release|Any CPU
		{03D2ACFE-5A0F-4A25-A810-5FD44434950D}.Release|iPhone.ActiveCfg = Release|Any CPU
		{03D2ACFE-5A0F-4A25-A810-5FD44434950D}.Release|iPhone.Build.0 = Release|Any CPU
		{03D2ACFE-5A0F-4A25-A810-5FD44434950D}.Release|iPhone.Deploy.0 = Release|Any CPU
		{03D2ACFE-5A0F-4A25-A810-5FD44434950D}.Release|iPhoneSimulator.ActiveCfg = Release|Any CPU
		{03D2ACFE-5A0F-4A25-A810-5FD44434950D}.Release|iPhoneSimulator.Build.0 = Release|Any CPU
		{03D2ACFE-5A0F-4A25-A810-5FD44434950D}.Release|iPhoneSimulator.Deploy.0 = Release|Any CPU
		{03D2ACFE-5A0F-4A25-A810-5FD44434950D}.Release|x64.ActiveCfg = Release|Any CPU
		{03D2ACFE-5A0F-4A25-A810-5FD44434950D}.Release|x64.Build.0 = Release|Any CPU
		{03D2ACFE-5A0F-4A25-A810-5FD44434950D}.Release|x64.Deploy.0 = Release|Any CPU
		{03D2ACFE-5A0F-4A25-A810-5FD44434950D}.Release|x86.ActiveCfg = Release|Any CPU
		{03D2ACFE-5A0F-4A25-A810-5FD44434950D}.Release|x86.Build.0 = Release|Any CPU
		{03D2ACFE-5A0F-4A25-A810-5FD44434950D}.Release|x86.Deploy.0 = Release|Any CPU
		{77E54EED-1116-4305-B9CE-841791CA0A6C}.Ad-Hoc|Any CPU.ActiveCfg = Ad-Hoc|iPhone
		{77E54EED-1116-4305-B9CE-841791CA0A6C}.Ad-Hoc|ARM.ActiveCfg = Ad-Hoc|iPhone
		{77E54EED-1116-4305-B9CE-841791CA0A6C}.Ad-Hoc|iPhone.ActiveCfg = Ad-Hoc|iPhone
		{77E54EED-1116-4305-B9CE-841791CA0A6C}.Ad-Hoc|iPhone.Build.0 = Ad-Hoc|iPhone
		{77E54EED-1116-4305-B9CE-841791CA0A6C}.Ad-Hoc|iPhoneSimulator.ActiveCfg = Ad-Hoc|iPhoneSimulator
		{77E54EED-1116-4305-B9CE-841791CA0A6C}.Ad-Hoc|iPhoneSimulator.Build.0 = Ad-Hoc|iPhoneSimulator
		{77E54EED-1116-4305-B9CE-841791CA0A6C}.Ad-Hoc|x64.ActiveCfg = Ad-Hoc|iPhone
		{77E54EED-1116-4305-B9CE-841791CA0A6C}.Ad-Hoc|x86.ActiveCfg = Ad-Hoc|iPhone
		{77E54EED-1116-4305-B9CE-841791CA0A6C}.AppStore|Any CPU.ActiveCfg = AppStore|iPhone
		{77E54EED-1116-4305-B9CE-841791CA0A6C}.AppStore|ARM.ActiveCfg = AppStore|iPhone
		{77E54EED-1116-4305-B9CE-841791CA0A6C}.AppStore|iPhone.ActiveCfg = AppStore|iPhone
		{77E54EED-1116-4305-B9CE-841791CA0A6C}.AppStore|iPhone.Build.0 = AppStore|iPhone
		{77E54EED-1116-4305-B9CE-841791CA0A6C}.AppStore|iPhoneSimulator.ActiveCfg = AppStore|iPhoneSimulator
		{77E54EED-1116-4305-B9CE-841791CA0A6C}.AppStore|iPhoneSimulator.Build.0 = AppStore|iPhoneSimulator
		{77E54EED-1116-4305-B9CE-841791CA0A6C}.AppStore|x64.ActiveCfg = AppStore|iPhone
		{77E54EED-1116-4305-B9CE-841791CA0A6C}.AppStore|x86.ActiveCfg = AppStore|iPhone
		{77E54EED-1116-4305-B9CE-841791CA0A6C}.Debug|Any CPU.ActiveCfg = Debug|iPhone
		{77E54EED-1116-4305-B9CE-841791CA0A6C}.Debug|ARM.ActiveCfg = Debug|iPhone
		{77E54EED-1116-4305-B9CE-841791CA0A6C}.Debug|iPhone.ActiveCfg = Debug|iPhone
		{77E54EED-1116-4305-B9CE-841791CA0A6C}.Debug|iPhone.Build.0 = Debug|iPhone
		{77E54EED-1116-4305-B9CE-841791CA0A6C}.Debug|iPhoneSimulator.ActiveCfg = Debug|iPhoneSimulator
		{77E54EED-1116-4305-B9CE-841791CA0A6C}.Debug|iPhoneSimulator.Build.0 = Debug|iPhoneSimulator
		{77E54EED-1116-4305-B9CE-841791CA0A6C}.Debug|x64.ActiveCfg = Debug|iPhone
		{77E54EED-1116-4305-B9CE-841791CA0A6C}.Debug|x86.ActiveCfg = Debug|iPhone
		{77E54EED-1116-4305-B9CE-841791CA0A6C}.Release|Any CPU.ActiveCfg = Release|iPhone
		{77E54EED-1116-4305-B9CE-841791CA0A6C}.Release|ARM.ActiveCfg = Release|iPhone
		{77E54EED-1116-4305-B9CE-841791CA0A6C}.Release|iPhone.ActiveCfg = Release|iPhone
		{77E54EED-1116-4305-B9CE-841791CA0A6C}.Release|iPhone.Build.0 = Release|iPhone
		{77E54EED-1116-4305-B9CE-841791CA0A6C}.Release|iPhoneSimulator.ActiveCfg = Release|iPhoneSimulator
		{77E54EED-1116-4305-B9CE-841791CA0A6C}.Release|iPhoneSimulator.Build.0 = Release|iPhoneSimulator
		{77E54EED-1116-4305-B9CE-841791CA0A6C}.Release|x64.ActiveCfg = Release|iPhone
		{77E54EED-1116-4305-B9CE-841791CA0A6C}.Release|x86.ActiveCfg = Release|iPhone
		{E839CF44-765C-4A68-9AA1-9AAAC35F51DD}.Ad-Hoc|Any CPU.ActiveCfg = Release|Any CPU
		{E839CF44-765C-4A68-9AA1-9AAAC35F51DD}.Ad-Hoc|Any CPU.Build.0 = Release|Any CPU
		{E839CF44-765C-4A68-9AA1-9AAAC35F51DD}.Ad-Hoc|Any CPU.Deploy.0 = Release|Any CPU
		{E839CF44-765C-4A68-9AA1-9AAAC35F51DD}.Ad-Hoc|ARM.ActiveCfg = Release|ARM
		{E839CF44-765C-4A68-9AA1-9AAAC35F51DD}.Ad-Hoc|ARM.Build.0 = Release|ARM
		{E839CF44-765C-4A68-9AA1-9AAAC35F51DD}.Ad-Hoc|ARM.Deploy.0 = Release|ARM
		{E839CF44-765C-4A68-9AA1-9AAAC35F51DD}.Ad-Hoc|iPhone.ActiveCfg = Release|Any CPU
		{E839CF44-765C-4A68-9AA1-9AAAC35F51DD}.Ad-Hoc|iPhone.Build.0 = Release|Any CPU
		{E839CF44-765C-4A68-9AA1-9AAAC35F51DD}.Ad-Hoc|iPhone.Deploy.0 = Release|Any CPU
		{E839CF44-765C-4A68-9AA1-9AAAC35F51DD}.Ad-Hoc|iPhoneSimulator.ActiveCfg = Release|Any CPU
		{E839CF44-765C-4A68-9AA1-9AAAC35F51DD}.Ad-Hoc|iPhoneSimulator.Build.0 = Release|Any CPU
		{E839CF44-765C-4A68-9AA1-9AAAC35F51DD}.Ad-Hoc|iPhoneSimulator.Deploy.0 = Release|Any CPU
		{E839CF44-765C-4A68-9AA1-9AAAC35F51DD}.Ad-Hoc|x64.ActiveCfg = Release|Any CPU
		{E839CF44-765C-4A68-9AA1-9AAAC35F51DD}.Ad-Hoc|x64.Build.0 = Release|Any CPU
		{E839CF44-765C-4A68-9AA1-9AAAC35F51DD}.Ad-Hoc|x64.Deploy.0 = Release|Any CPU
		{E839CF44-765C-4A68-9AA1-9AAAC35F51DD}.Ad-Hoc|x86.ActiveCfg = Release|x86
		{E839CF44-765C-4A68-9AA1-9AAAC35F51DD}.Ad-Hoc|x86.Build.0 = Release|x86
		{E839CF44-765C-4A68-9AA1-9AAAC35F51DD}.Ad-Hoc|x86.Deploy.0 = Release|x86
		{E839CF44-765C-4A68-9AA1-9AAAC35F51DD}.AppStore|Any CPU.ActiveCfg = Release|Any CPU
		{E839CF44-765C-4A68-9AA1-9AAAC35F51DD}.AppStore|Any CPU.Build.0 = Release|Any CPU
		{E839CF44-765C-4A68-9AA1-9AAAC35F51DD}.AppStore|Any CPU.Deploy.0 = Release|Any CPU
		{E839CF44-765C-4A68-9AA1-9AAAC35F51DD}.AppStore|ARM.ActiveCfg = Release|ARM
		{E839CF44-765C-4A68-9AA1-9AAAC35F51DD}.AppStore|ARM.Build.0 = Release|ARM
		{E839CF44-765C-4A68-9AA1-9AAAC35F51DD}.AppStore|ARM.Deploy.0 = Release|ARM
		{E839CF44-765C-4A68-9AA1-9AAAC35F51DD}.AppStore|iPhone.ActiveCfg = Release|Any CPU
		{E839CF44-765C-4A68-9AA1-9AAAC35F51DD}.AppStore|iPhone.Build.0 = Release|Any CPU
		{E839CF44-765C-4A68-9AA1-9AAAC35F51DD}.AppStore|iPhone.Deploy.0 = Release|Any CPU
		{E839CF44-765C-4A68-9AA1-9AAAC35F51DD}.AppStore|iPhoneSimulator.ActiveCfg = Release|Any CPU
		{E839CF44-765C-4A68-9AA1-9AAAC35F51DD}.AppStore|iPhoneSimulator.Build.0 = Release|Any CPU
		{E839CF44-765C-4A68-9AA1-9AAAC35F51DD}.AppStore|iPhoneSimulator.Deploy.0 = Release|Any CPU
		{E839CF44-765C-4A68-9AA1-9AAAC35F51DD}.AppStore|x64.ActiveCfg = Release|Any CPU
		{E839CF44-765C-4A68-9AA1-9AAAC35F51DD}.AppStore|x64.Build.0 = Release|Any CPU
		{E839CF44-765C-4A68-9AA1-9AAAC35F51DD}.AppStore|x64.Deploy.0 = Release|Any CPU
		{E839CF44-765C-4A68-9AA1-9AAAC35F51DD}.AppStore|x86.ActiveCfg = Release|x86
		{E839CF44-765C-4A68-9AA1-9AAAC35F51DD}.AppStore|x86.Build.0 = Release|x86
		{E839CF44-765C-4A68-9AA1-9AAAC35F51DD}.AppStore|x86.Deploy.0 = Release|x86
		{E839CF44-765C-4A68-9AA1-9AAAC35F51DD}.Debug|Any CPU.ActiveCfg = Debug|Any CPU
		{E839CF44-765C-4A68-9AA1-9AAAC35F51DD}.Debug|Any CPU.Build.0 = Debug|Any CPU
		{E839CF44-765C-4A68-9AA1-9AAAC35F51DD}.Debug|Any CPU.Deploy.0 = Debug|Any CPU
		{E839CF44-765C-4A68-9AA1-9AAAC35F51DD}.Debug|ARM.ActiveCfg = Debug|ARM
		{E839CF44-765C-4A68-9AA1-9AAAC35F51DD}.Debug|ARM.Build.0 = Debug|ARM
		{E839CF44-765C-4A68-9AA1-9AAAC35F51DD}.Debug|ARM.Deploy.0 = Debug|ARM
		{E839CF44-765C-4A68-9AA1-9AAAC35F51DD}.Debug|iPhone.ActiveCfg = Debug|Any CPU
		{E839CF44-765C-4A68-9AA1-9AAAC35F51DD}.Debug|iPhone.Build.0 = Debug|Any CPU
		{E839CF44-765C-4A68-9AA1-9AAAC35F51DD}.Debug|iPhone.Deploy.0 = Debug|Any CPU
		{E839CF44-765C-4A68-9AA1-9AAAC35F51DD}.Debug|iPhoneSimulator.ActiveCfg = Debug|Any CPU
		{E839CF44-765C-4A68-9AA1-9AAAC35F51DD}.Debug|iPhoneSimulator.Build.0 = Debug|Any CPU
		{E839CF44-765C-4A68-9AA1-9AAAC35F51DD}.Debug|iPhoneSimulator.Deploy.0 = Debug|Any CPU
		{E839CF44-765C-4A68-9AA1-9AAAC35F51DD}.Debug|x64.ActiveCfg = Debug|Any CPU
		{E839CF44-765C-4A68-9AA1-9AAAC35F51DD}.Debug|x64.Build.0 = Debug|Any CPU
		{E839CF44-765C-4A68-9AA1-9AAAC35F51DD}.Debug|x64.Deploy.0 = Debug|Any CPU
		{E839CF44-765C-4A68-9AA1-9AAAC35F51DD}.Debug|x86.ActiveCfg = Debug|x86
		{E839CF44-765C-4A68-9AA1-9AAAC35F51DD}.Debug|x86.Build.0 = Debug|x86
		{E839CF44-765C-4A68-9AA1-9AAAC35F51DD}.Debug|x86.Deploy.0 = Debug|x86
		{E839CF44-765C-4A68-9AA1-9AAAC35F51DD}.Release|Any CPU.ActiveCfg = Release|Any CPU
		{E839CF44-765C-4A68-9AA1-9AAAC35F51DD}.Release|Any CPU.Build.0 = Release|Any CPU
		{E839CF44-765C-4A68-9AA1-9AAAC35F51DD}.Release|Any CPU.Deploy.0 = Release|Any CPU
		{E839CF44-765C-4A68-9AA1-9AAAC35F51DD}.Release|ARM.ActiveCfg = Release|ARM
		{E839CF44-765C-4A68-9AA1-9AAAC35F51DD}.Release|ARM.Build.0 = Release|ARM
		{E839CF44-765C-4A68-9AA1-9AAAC35F51DD}.Release|ARM.Deploy.0 = Release|ARM
		{E839CF44-765C-4A68-9AA1-9AAAC35F51DD}.Release|iPhone.ActiveCfg = Release|Any CPU
		{E839CF44-765C-4A68-9AA1-9AAAC35F51DD}.Release|iPhone.Build.0 = Release|Any CPU
		{E839CF44-765C-4A68-9AA1-9AAAC35F51DD}.Release|iPhone.Deploy.0 = Release|Any CPU
		{E839CF44-765C-4A68-9AA1-9AAAC35F51DD}.Release|iPhoneSimulator.ActiveCfg = Release|Any CPU
		{E839CF44-765C-4A68-9AA1-9AAAC35F51DD}.Release|iPhoneSimulator.Build.0 = Release|Any CPU
		{E839CF44-765C-4A68-9AA1-9AAAC35F51DD}.Release|iPhoneSimulator.Deploy.0 = Release|Any CPU
		{E839CF44-765C-4A68-9AA1-9AAAC35F51DD}.Release|x64.ActiveCfg = Release|Any CPU
		{E839CF44-765C-4A68-9AA1-9AAAC35F51DD}.Release|x64.Build.0 = Release|Any CPU
		{E839CF44-765C-4A68-9AA1-9AAAC35F51DD}.Release|x64.Deploy.0 = Release|Any CPU
		{E839CF44-765C-4A68-9AA1-9AAAC35F51DD}.Release|x86.ActiveCfg = Release|x86
		{E839CF44-765C-4A68-9AA1-9AAAC35F51DD}.Release|x86.Build.0 = Release|x86
		{E839CF44-765C-4A68-9AA1-9AAAC35F51DD}.Release|x86.Deploy.0 = Release|x86
		{3AFA0231-7AC4-4DDA-9701-027E7867E9D0}.Ad-Hoc|Any CPU.ActiveCfg = Release|x86
		{3AFA0231-7AC4-4DDA-9701-027E7867E9D0}.Ad-Hoc|Any CPU.Build.0 = Release|x86
		{3AFA0231-7AC4-4DDA-9701-027E7867E9D0}.Ad-Hoc|Any CPU.Deploy.0 = Release|x86
		{3AFA0231-7AC4-4DDA-9701-027E7867E9D0}.Ad-Hoc|ARM.ActiveCfg = Release|ARM
		{3AFA0231-7AC4-4DDA-9701-027E7867E9D0}.Ad-Hoc|ARM.Build.0 = Release|ARM
		{3AFA0231-7AC4-4DDA-9701-027E7867E9D0}.Ad-Hoc|ARM.Deploy.0 = Release|ARM
		{3AFA0231-7AC4-4DDA-9701-027E7867E9D0}.Ad-Hoc|iPhone.ActiveCfg = Release|x86
		{3AFA0231-7AC4-4DDA-9701-027E7867E9D0}.Ad-Hoc|iPhone.Build.0 = Release|x86
		{3AFA0231-7AC4-4DDA-9701-027E7867E9D0}.Ad-Hoc|iPhone.Deploy.0 = Release|x86
		{3AFA0231-7AC4-4DDA-9701-027E7867E9D0}.Ad-Hoc|iPhoneSimulator.ActiveCfg = Release|x86
		{3AFA0231-7AC4-4DDA-9701-027E7867E9D0}.Ad-Hoc|iPhoneSimulator.Build.0 = Release|x86
		{3AFA0231-7AC4-4DDA-9701-027E7867E9D0}.Ad-Hoc|iPhoneSimulator.Deploy.0 = Release|x86
		{3AFA0231-7AC4-4DDA-9701-027E7867E9D0}.Ad-Hoc|x64.ActiveCfg = Release|x64
		{3AFA0231-7AC4-4DDA-9701-027E7867E9D0}.Ad-Hoc|x64.Build.0 = Release|x64
		{3AFA0231-7AC4-4DDA-9701-027E7867E9D0}.Ad-Hoc|x64.Deploy.0 = Release|x64
		{3AFA0231-7AC4-4DDA-9701-027E7867E9D0}.Ad-Hoc|x86.ActiveCfg = Release|x86
		{3AFA0231-7AC4-4DDA-9701-027E7867E9D0}.Ad-Hoc|x86.Build.0 = Release|x86
		{3AFA0231-7AC4-4DDA-9701-027E7867E9D0}.Ad-Hoc|x86.Deploy.0 = Release|x86
		{3AFA0231-7AC4-4DDA-9701-027E7867E9D0}.AppStore|Any CPU.ActiveCfg = Release|x86
		{3AFA0231-7AC4-4DDA-9701-027E7867E9D0}.AppStore|Any CPU.Build.0 = Release|x86
		{3AFA0231-7AC4-4DDA-9701-027E7867E9D0}.AppStore|Any CPU.Deploy.0 = Release|x86
		{3AFA0231-7AC4-4DDA-9701-027E7867E9D0}.AppStore|ARM.ActiveCfg = Release|ARM
		{3AFA0231-7AC4-4DDA-9701-027E7867E9D0}.AppStore|ARM.Build.0 = Release|ARM
		{3AFA0231-7AC4-4DDA-9701-027E7867E9D0}.AppStore|ARM.Deploy.0 = Release|ARM
		{3AFA0231-7AC4-4DDA-9701-027E7867E9D0}.AppStore|iPhone.ActiveCfg = Release|x86
		{3AFA0231-7AC4-4DDA-9701-027E7867E9D0}.AppStore|iPhone.Build.0 = Release|x86
		{3AFA0231-7AC4-4DDA-9701-027E7867E9D0}.AppStore|iPhone.Deploy.0 = Release|x86
		{3AFA0231-7AC4-4DDA-9701-027E7867E9D0}.AppStore|iPhoneSimulator.ActiveCfg = Release|x86
		{3AFA0231-7AC4-4DDA-9701-027E7867E9D0}.AppStore|iPhoneSimulator.Build.0 = Release|x86
		{3AFA0231-7AC4-4DDA-9701-027E7867E9D0}.AppStore|iPhoneSimulator.Deploy.0 = Release|x86
		{3AFA0231-7AC4-4DDA-9701-027E7867E9D0}.AppStore|x64.ActiveCfg = Release|x64
		{3AFA0231-7AC4-4DDA-9701-027E7867E9D0}.AppStore|x64.Build.0 = Release|x64
		{3AFA0231-7AC4-4DDA-9701-027E7867E9D0}.AppStore|x64.Deploy.0 = Release|x64
		{3AFA0231-7AC4-4DDA-9701-027E7867E9D0}.AppStore|x86.ActiveCfg = Release|x86
		{3AFA0231-7AC4-4DDA-9701-027E7867E9D0}.AppStore|x86.Build.0 = Release|x86
		{3AFA0231-7AC4-4DDA-9701-027E7867E9D0}.AppStore|x86.Deploy.0 = Release|x86
		{3AFA0231-7AC4-4DDA-9701-027E7867E9D0}.Debug|Any CPU.ActiveCfg = Debug|x86
		{3AFA0231-7AC4-4DDA-9701-027E7867E9D0}.Debug|ARM.ActiveCfg = Debug|ARM
		{3AFA0231-7AC4-4DDA-9701-027E7867E9D0}.Debug|ARM.Build.0 = Debug|ARM
		{3AFA0231-7AC4-4DDA-9701-027E7867E9D0}.Debug|ARM.Deploy.0 = Debug|ARM
		{3AFA0231-7AC4-4DDA-9701-027E7867E9D0}.Debug|iPhone.ActiveCfg = Debug|x86
		{3AFA0231-7AC4-4DDA-9701-027E7867E9D0}.Debug|iPhoneSimulator.ActiveCfg = Debug|x86
		{3AFA0231-7AC4-4DDA-9701-027E7867E9D0}.Debug|x64.ActiveCfg = Debug|x64
		{3AFA0231-7AC4-4DDA-9701-027E7867E9D0}.Debug|x64.Build.0 = Debug|x64
		{3AFA0231-7AC4-4DDA-9701-027E7867E9D0}.Debug|x64.Deploy.0 = Debug|x64
		{3AFA0231-7AC4-4DDA-9701-027E7867E9D0}.Debug|x86.ActiveCfg = Debug|x86
		{3AFA0231-7AC4-4DDA-9701-027E7867E9D0}.Debug|x86.Build.0 = Debug|x86
		{3AFA0231-7AC4-4DDA-9701-027E7867E9D0}.Debug|x86.Deploy.0 = Debug|x86
		{3AFA0231-7AC4-4DDA-9701-027E7867E9D0}.Release|Any CPU.ActiveCfg = Release|x86
		{3AFA0231-7AC4-4DDA-9701-027E7867E9D0}.Release|ARM.ActiveCfg = Release|ARM
		{3AFA0231-7AC4-4DDA-9701-027E7867E9D0}.Release|ARM.Build.0 = Release|ARM
		{3AFA0231-7AC4-4DDA-9701-027E7867E9D0}.Release|ARM.Deploy.0 = Release|ARM
		{3AFA0231-7AC4-4DDA-9701-027E7867E9D0}.Release|iPhone.ActiveCfg = Release|x86
		{3AFA0231-7AC4-4DDA-9701-027E7867E9D0}.Release|iPhoneSimulator.ActiveCfg = Release|x86
		{3AFA0231-7AC4-4DDA-9701-027E7867E9D0}.Release|x64.ActiveCfg = Release|x64
		{3AFA0231-7AC4-4DDA-9701-027E7867E9D0}.Release|x64.Build.0 = Release|x64
		{3AFA0231-7AC4-4DDA-9701-027E7867E9D0}.Release|x64.Deploy.0 = Release|x64
		{3AFA0231-7AC4-4DDA-9701-027E7867E9D0}.Release|x86.ActiveCfg = Release|x86
		{3AFA0231-7AC4-4DDA-9701-027E7867E9D0}.Release|x86.Build.0 = Release|x86
		{3AFA0231-7AC4-4DDA-9701-027E7867E9D0}.Release|x86.Deploy.0 = Release|x86
		{1DEC9CF1-E229-46A1-A106-1B9F538D4D85}.Ad-Hoc|Any CPU.ActiveCfg = Release|Any CPU
		{1DEC9CF1-E229-46A1-A106-1B9F538D4D85}.Ad-Hoc|Any CPU.Build.0 = Release|Any CPU
		{1DEC9CF1-E229-46A1-A106-1B9F538D4D85}.Ad-Hoc|Any CPU.Deploy.0 = Release|Any CPU
		{1DEC9CF1-E229-46A1-A106-1B9F538D4D85}.Ad-Hoc|ARM.ActiveCfg = Release|ARM
		{1DEC9CF1-E229-46A1-A106-1B9F538D4D85}.Ad-Hoc|ARM.Build.0 = Release|ARM
		{1DEC9CF1-E229-46A1-A106-1B9F538D4D85}.Ad-Hoc|ARM.Deploy.0 = Release|ARM
		{1DEC9CF1-E229-46A1-A106-1B9F538D4D85}.Ad-Hoc|iPhone.ActiveCfg = Release|Any CPU
		{1DEC9CF1-E229-46A1-A106-1B9F538D4D85}.Ad-Hoc|iPhone.Build.0 = Release|Any CPU
		{1DEC9CF1-E229-46A1-A106-1B9F538D4D85}.Ad-Hoc|iPhone.Deploy.0 = Release|Any CPU
		{1DEC9CF1-E229-46A1-A106-1B9F538D4D85}.Ad-Hoc|iPhoneSimulator.ActiveCfg = Release|Any CPU
		{1DEC9CF1-E229-46A1-A106-1B9F538D4D85}.Ad-Hoc|iPhoneSimulator.Build.0 = Release|Any CPU
		{1DEC9CF1-E229-46A1-A106-1B9F538D4D85}.Ad-Hoc|iPhoneSimulator.Deploy.0 = Release|Any CPU
		{1DEC9CF1-E229-46A1-A106-1B9F538D4D85}.Ad-Hoc|x64.ActiveCfg = Release|x64
		{1DEC9CF1-E229-46A1-A106-1B9F538D4D85}.Ad-Hoc|x64.Build.0 = Release|x64
		{1DEC9CF1-E229-46A1-A106-1B9F538D4D85}.Ad-Hoc|x64.Deploy.0 = Release|x64
		{1DEC9CF1-E229-46A1-A106-1B9F538D4D85}.Ad-Hoc|x86.ActiveCfg = Release|x86
		{1DEC9CF1-E229-46A1-A106-1B9F538D4D85}.Ad-Hoc|x86.Build.0 = Release|x86
		{1DEC9CF1-E229-46A1-A106-1B9F538D4D85}.Ad-Hoc|x86.Deploy.0 = Release|x86
		{1DEC9CF1-E229-46A1-A106-1B9F538D4D85}.AppStore|Any CPU.ActiveCfg = Release|Any CPU
		{1DEC9CF1-E229-46A1-A106-1B9F538D4D85}.AppStore|Any CPU.Build.0 = Release|Any CPU
		{1DEC9CF1-E229-46A1-A106-1B9F538D4D85}.AppStore|Any CPU.Deploy.0 = Release|Any CPU
		{1DEC9CF1-E229-46A1-A106-1B9F538D4D85}.AppStore|ARM.ActiveCfg = Release|ARM
		{1DEC9CF1-E229-46A1-A106-1B9F538D4D85}.AppStore|ARM.Build.0 = Release|ARM
		{1DEC9CF1-E229-46A1-A106-1B9F538D4D85}.AppStore|ARM.Deploy.0 = Release|ARM
		{1DEC9CF1-E229-46A1-A106-1B9F538D4D85}.AppStore|iPhone.ActiveCfg = Release|Any CPU
		{1DEC9CF1-E229-46A1-A106-1B9F538D4D85}.AppStore|iPhone.Build.0 = Release|Any CPU
		{1DEC9CF1-E229-46A1-A106-1B9F538D4D85}.AppStore|iPhone.Deploy.0 = Release|Any CPU
		{1DEC9CF1-E229-46A1-A106-1B9F538D4D85}.AppStore|iPhoneSimulator.ActiveCfg = Release|Any CPU
		{1DEC9CF1-E229-46A1-A106-1B9F538D4D85}.AppStore|iPhoneSimulator.Build.0 = Release|Any CPU
		{1DEC9CF1-E229-46A1-A106-1B9F538D4D85}.AppStore|iPhoneSimulator.Deploy.0 = Release|Any CPU
		{1DEC9CF1-E229-46A1-A106-1B9F538D4D85}.AppStore|x64.ActiveCfg = Release|x64
		{1DEC9CF1-E229-46A1-A106-1B9F538D4D85}.AppStore|x64.Build.0 = Release|x64
		{1DEC9CF1-E229-46A1-A106-1B9F538D4D85}.AppStore|x64.Deploy.0 = Release|x64
		{1DEC9CF1-E229-46A1-A106-1B9F538D4D85}.AppStore|x86.ActiveCfg = Release|x86
		{1DEC9CF1-E229-46A1-A106-1B9F538D4D85}.AppStore|x86.Build.0 = Release|x86
		{1DEC9CF1-E229-46A1-A106-1B9F538D4D85}.AppStore|x86.Deploy.0 = Release|x86
		{1DEC9CF1-E229-46A1-A106-1B9F538D4D85}.Debug|Any CPU.ActiveCfg = Debug|Any CPU
		{1DEC9CF1-E229-46A1-A106-1B9F538D4D85}.Debug|Any CPU.Build.0 = Debug|Any CPU
		{1DEC9CF1-E229-46A1-A106-1B9F538D4D85}.Debug|Any CPU.Deploy.0 = Debug|Any CPU
		{1DEC9CF1-E229-46A1-A106-1B9F538D4D85}.Debug|ARM.ActiveCfg = Debug|ARM
		{1DEC9CF1-E229-46A1-A106-1B9F538D4D85}.Debug|ARM.Build.0 = Debug|ARM
		{1DEC9CF1-E229-46A1-A106-1B9F538D4D85}.Debug|ARM.Deploy.0 = Debug|ARM
		{1DEC9CF1-E229-46A1-A106-1B9F538D4D85}.Debug|iPhone.ActiveCfg = Debug|Any CPU
		{1DEC9CF1-E229-46A1-A106-1B9F538D4D85}.Debug|iPhone.Build.0 = Debug|Any CPU
		{1DEC9CF1-E229-46A1-A106-1B9F538D4D85}.Debug|iPhone.Deploy.0 = Debug|Any CPU
		{1DEC9CF1-E229-46A1-A106-1B9F538D4D85}.Debug|iPhoneSimulator.ActiveCfg = Debug|Any CPU
		{1DEC9CF1-E229-46A1-A106-1B9F538D4D85}.Debug|iPhoneSimulator.Build.0 = Debug|Any CPU
		{1DEC9CF1-E229-46A1-A106-1B9F538D4D85}.Debug|iPhoneSimulator.Deploy.0 = Debug|Any CPU
		{1DEC9CF1-E229-46A1-A106-1B9F538D4D85}.Debug|x64.ActiveCfg = Debug|x64
		{1DEC9CF1-E229-46A1-A106-1B9F538D4D85}.Debug|x64.Build.0 = Debug|x64
		{1DEC9CF1-E229-46A1-A106-1B9F538D4D85}.Debug|x64.Deploy.0 = Debug|x64
		{1DEC9CF1-E229-46A1-A106-1B9F538D4D85}.Debug|x86.ActiveCfg = Debug|x86
		{1DEC9CF1-E229-46A1-A106-1B9F538D4D85}.Debug|x86.Build.0 = Debug|x86
		{1DEC9CF1-E229-46A1-A106-1B9F538D4D85}.Debug|x86.Deploy.0 = Debug|x86
		{1DEC9CF1-E229-46A1-A106-1B9F538D4D85}.Release|Any CPU.ActiveCfg = Release|Any CPU
		{1DEC9CF1-E229-46A1-A106-1B9F538D4D85}.Release|Any CPU.Build.0 = Release|Any CPU
		{1DEC9CF1-E229-46A1-A106-1B9F538D4D85}.Release|Any CPU.Deploy.0 = Release|Any CPU
		{1DEC9CF1-E229-46A1-A106-1B9F538D4D85}.Release|ARM.ActiveCfg = Release|ARM
		{1DEC9CF1-E229-46A1-A106-1B9F538D4D85}.Release|ARM.Build.0 = Release|ARM
		{1DEC9CF1-E229-46A1-A106-1B9F538D4D85}.Release|ARM.Deploy.0 = Release|ARM
		{1DEC9CF1-E229-46A1-A106-1B9F538D4D85}.Release|iPhone.ActiveCfg = Release|Any CPU
		{1DEC9CF1-E229-46A1-A106-1B9F538D4D85}.Release|iPhone.Build.0 = Release|Any CPU
		{1DEC9CF1-E229-46A1-A106-1B9F538D4D85}.Release|iPhone.Deploy.0 = Release|Any CPU
		{1DEC9CF1-E229-46A1-A106-1B9F538D4D85}.Release|iPhoneSimulator.ActiveCfg = Release|Any CPU
		{1DEC9CF1-E229-46A1-A106-1B9F538D4D85}.Release|iPhoneSimulator.Build.0 = Release|Any CPU
		{1DEC9CF1-E229-46A1-A106-1B9F538D4D85}.Release|iPhoneSimulator.Deploy.0 = Release|Any CPU
		{1DEC9CF1-E229-46A1-A106-1B9F538D4D85}.Release|x64.ActiveCfg = Release|x64
		{1DEC9CF1-E229-46A1-A106-1B9F538D4D85}.Release|x64.Build.0 = Release|x64
		{1DEC9CF1-E229-46A1-A106-1B9F538D4D85}.Release|x64.Deploy.0 = Release|x64
		{1DEC9CF1-E229-46A1-A106-1B9F538D4D85}.Release|x86.ActiveCfg = Release|x86
		{1DEC9CF1-E229-46A1-A106-1B9F538D4D85}.Release|x86.Build.0 = Release|x86
		{1DEC9CF1-E229-46A1-A106-1B9F538D4D85}.Release|x86.Deploy.0 = Release|x86
		{E00014EB-6348-457D-854A-A1242C7A2F64}.Ad-Hoc|Any CPU.ActiveCfg = Release|Any CPU
		{E00014EB-6348-457D-854A-A1242C7A2F64}.Ad-Hoc|Any CPU.Build.0 = Release|Any CPU
		{E00014EB-6348-457D-854A-A1242C7A2F64}.Ad-Hoc|ARM.ActiveCfg = Release|Any CPU
		{E00014EB-6348-457D-854A-A1242C7A2F64}.Ad-Hoc|ARM.Build.0 = Release|Any CPU
		{E00014EB-6348-457D-854A-A1242C7A2F64}.Ad-Hoc|iPhone.ActiveCfg = Release|Any CPU
		{E00014EB-6348-457D-854A-A1242C7A2F64}.Ad-Hoc|iPhone.Build.0 = Release|Any CPU
		{E00014EB-6348-457D-854A-A1242C7A2F64}.Ad-Hoc|iPhoneSimulator.ActiveCfg = Release|Any CPU
		{E00014EB-6348-457D-854A-A1242C7A2F64}.Ad-Hoc|iPhoneSimulator.Build.0 = Release|Any CPU
		{E00014EB-6348-457D-854A-A1242C7A2F64}.Ad-Hoc|x64.ActiveCfg = Release|Any CPU
		{E00014EB-6348-457D-854A-A1242C7A2F64}.Ad-Hoc|x64.Build.0 = Release|Any CPU
		{E00014EB-6348-457D-854A-A1242C7A2F64}.Ad-Hoc|x86.ActiveCfg = Release|Any CPU
		{E00014EB-6348-457D-854A-A1242C7A2F64}.Ad-Hoc|x86.Build.0 = Release|Any CPU
		{E00014EB-6348-457D-854A-A1242C7A2F64}.AppStore|Any CPU.ActiveCfg = Release|Any CPU
		{E00014EB-6348-457D-854A-A1242C7A2F64}.AppStore|Any CPU.Build.0 = Release|Any CPU
		{E00014EB-6348-457D-854A-A1242C7A2F64}.AppStore|ARM.ActiveCfg = Release|Any CPU
		{E00014EB-6348-457D-854A-A1242C7A2F64}.AppStore|ARM.Build.0 = Release|Any CPU
		{E00014EB-6348-457D-854A-A1242C7A2F64}.AppStore|iPhone.ActiveCfg = Release|Any CPU
		{E00014EB-6348-457D-854A-A1242C7A2F64}.AppStore|iPhone.Build.0 = Release|Any CPU
		{E00014EB-6348-457D-854A-A1242C7A2F64}.AppStore|iPhoneSimulator.ActiveCfg = Release|Any CPU
		{E00014EB-6348-457D-854A-A1242C7A2F64}.AppStore|iPhoneSimulator.Build.0 = Release|Any CPU
		{E00014EB-6348-457D-854A-A1242C7A2F64}.AppStore|x64.ActiveCfg = Release|Any CPU
		{E00014EB-6348-457D-854A-A1242C7A2F64}.AppStore|x64.Build.0 = Release|Any CPU
		{E00014EB-6348-457D-854A-A1242C7A2F64}.AppStore|x86.ActiveCfg = Release|Any CPU
		{E00014EB-6348-457D-854A-A1242C7A2F64}.AppStore|x86.Build.0 = Release|Any CPU
		{E00014EB-6348-457D-854A-A1242C7A2F64}.Debug|Any CPU.ActiveCfg = Debug|Any CPU
		{E00014EB-6348-457D-854A-A1242C7A2F64}.Debug|Any CPU.Build.0 = Debug|Any CPU
		{E00014EB-6348-457D-854A-A1242C7A2F64}.Debug|ARM.ActiveCfg = Debug|Any CPU
		{E00014EB-6348-457D-854A-A1242C7A2F64}.Debug|ARM.Build.0 = Debug|Any CPU
		{E00014EB-6348-457D-854A-A1242C7A2F64}.Debug|iPhone.ActiveCfg = Debug|Any CPU
		{E00014EB-6348-457D-854A-A1242C7A2F64}.Debug|iPhone.Build.0 = Debug|Any CPU
		{E00014EB-6348-457D-854A-A1242C7A2F64}.Debug|iPhoneSimulator.ActiveCfg = Debug|Any CPU
		{E00014EB-6348-457D-854A-A1242C7A2F64}.Debug|iPhoneSimulator.Build.0 = Debug|Any CPU
		{E00014EB-6348-457D-854A-A1242C7A2F64}.Debug|x64.ActiveCfg = Debug|Any CPU
		{E00014EB-6348-457D-854A-A1242C7A2F64}.Debug|x64.Build.0 = Debug|Any CPU
		{E00014EB-6348-457D-854A-A1242C7A2F64}.Debug|x86.ActiveCfg = Debug|Any CPU
		{E00014EB-6348-457D-854A-A1242C7A2F64}.Debug|x86.Build.0 = Debug|Any CPU
		{E00014EB-6348-457D-854A-A1242C7A2F64}.Release|Any CPU.ActiveCfg = Release|Any CPU
		{E00014EB-6348-457D-854A-A1242C7A2F64}.Release|Any CPU.Build.0 = Release|Any CPU
		{E00014EB-6348-457D-854A-A1242C7A2F64}.Release|ARM.ActiveCfg = Release|Any CPU
		{E00014EB-6348-457D-854A-A1242C7A2F64}.Release|ARM.Build.0 = Release|Any CPU
		{E00014EB-6348-457D-854A-A1242C7A2F64}.Release|iPhone.ActiveCfg = Release|Any CPU
		{E00014EB-6348-457D-854A-A1242C7A2F64}.Release|iPhone.Build.0 = Release|Any CPU
		{E00014EB-6348-457D-854A-A1242C7A2F64}.Release|iPhoneSimulator.ActiveCfg = Release|Any CPU
		{E00014EB-6348-457D-854A-A1242C7A2F64}.Release|iPhoneSimulator.Build.0 = Release|Any CPU
		{E00014EB-6348-457D-854A-A1242C7A2F64}.Release|x64.ActiveCfg = Release|Any CPU
		{E00014EB-6348-457D-854A-A1242C7A2F64}.Release|x64.Build.0 = Release|Any CPU
		{E00014EB-6348-457D-854A-A1242C7A2F64}.Release|x86.ActiveCfg = Release|Any CPU
		{E00014EB-6348-457D-854A-A1242C7A2F64}.Release|x86.Build.0 = Release|Any CPU
	EndGlobalSection
	GlobalSection(SolutionProperties) = preSolution
		HideSolutionNode = FALSE
	EndGlobalSection
EndGlobal
